
Microsoft Visual Studio Solution File, Format Version 12.00
# Visual Studio Version 17
VisualStudioVersion = 17.6.33723.286
MinimumVisualStudioVersion = 10.0.40219.1
Project("{8BC9CEB8-8B4A-11D0-8D11-00A0C91BC942}") = "Learn Classes", "Learn Classes\Learn Classes.vcxproj", "{5381C512-1196-43BF-8A59-8A851D797A02}"
EndProject
Global
	GlobalSection(SolutionConfigurationPlatforms) = preSolution
		Debug|x64 = Debug|x64
		Debug|x86 = Debug|x86
		Release|x64 = Release|x64
		Release|x86 = Release|x86
	EndGlobalSection
	GlobalSection(ProjectConfigurationPlatforms) = postSolution
		{5381C512-1196-43BF-8A59-8A851D797A02}.Debug|x64.ActiveCfg = Debug|x64
		{5381C512-1196-43BF-8A59-8A851D797A02}.Debug|x64.Build.0 = Debug|x64
		{5381C512-1196-43BF-8A59-8A851D797A02}.Debug|x86.ActiveCfg = Debug|Win32
		{5381C512-1196-43BF-8A59-8A851D797A02}.Debug|x86.Build.0 = Debug|Win32
		{5381C512-1196-43BF-8A59-8A851D797A02}.Release|x64.ActiveCfg = Release|x64
		{5381C512-1196-43BF-8A59-8A851D797A02}.Release|x64.Build.0 = Release|x64
		{5381C512-1196-43BF-8A59-8A851D797A02}.Release|x86.ActiveCfg = Release|Win32
		{5381C512-1196-43BF-8A59-8A851D797A02}.Release|x86.Build.0 = Release|Win32
	EndGlobalSection
	GlobalSection(SolutionProperties) = preSolution
		HideSolutionNode = FALSE
	EndGlobalSection
	GlobalSection(ExtensibilityGlobals) = postSolution
		SolutionGuid = {A88EAC7B-FE2A-457E-837E-3E2B6335B284}
	EndGlobalSection
EndGlobal
